// !$*UTF8*$!
{
	archiveVersion = 1;
	classes = {
	};
	objectVersion = 55;
	objects = {

/* Begin PBXBuildFile section */
		1C71BF5A28A4D92D00FCF25C /* AppDelegate.swift in Sources */ = {isa = PBXBuildFile; fileRef = 1C71BF5928A4D92D00FCF25C /* AppDelegate.swift */; };
		1C71BF5C28A4D92D00FCF25C /* SceneDelegate.swift in Sources */ = {isa = PBXBuildFile; fileRef = 1C71BF5B28A4D92D00FCF25C /* SceneDelegate.swift */; };
		1C71BF6128A4D92D00FCF25C /* Main.storyboard in Resources */ = {isa = PBXBuildFile; fileRef = 1C71BF5F28A4D92D00FCF25C /* Main.storyboard */; };
		1C71BF6428A4D92D00FCF25C /* Chapter08_APITest.xcdatamodeld in Sources */ = {isa = PBXBuildFile; fileRef = 1C71BF6228A4D92D00FCF25C /* Chapter08_APITest.xcdatamodeld */; };
		1C71BF6628A4D92E00FCF25C /* Assets.xcassets in Resources */ = {isa = PBXBuildFile; fileRef = 1C71BF6528A4D92E00FCF25C /* Assets.xcassets */; };
		1C71BF6928A4D92E00FCF25C /* LaunchScreen.storyboard in Resources */ = {isa = PBXBuildFile; fileRef = 1C71BF6728A4D92E00FCF25C /* LaunchScreen.storyboard */; };
		1C71BF7128A4DAAE00FCF25C /* TimeViewController.swift in Sources */ = {isa = PBXBuildFile; fileRef = 1C71BF7028A4DAAE00FCF25C /* TimeViewController.swift */; };
		6A77F70652D3F7FB429D821E /* Pods_Chapter08_APITest.framework in Frameworks */ = {isa = PBXBuildFile; fileRef = CD556BB7E9A2CAAFA52E38CC /* Pods_Chapter08_APITest.framework */; };
/* End PBXBuildFile section */

/* Begin PBXFileReference section */
		1C71BF5628A4D92D00FCF25C /* Chapter08-APITest.app */ = {isa = PBXFileReference; explicitFileType = wrapper.application; includeInIndex = 0; path = "Chapter08-APITest.app"; sourceTree = BUILT_PRODUCTS_DIR; };
		1C71BF5928A4D92D00FCF25C /* AppDelegate.swift */ = {isa = PBXFileReference; lastKnownFileType = sourcecode.swift; path = AppDelegate.swift; sourceTree = "<group>"; };
		1C71BF5B28A4D92D00FCF25C /* SceneDelegate.swift */ = {isa = PBXFileReference; lastKnownFileType = sourcecode.swift; path = SceneDelegate.swift; sourceTree = "<group>"; };
		1C71BF6028A4D92D00FCF25C /* Base */ = {isa = PBXFileReference; lastKnownFileType = file.storyboard; name = Base; path = Base.lproj/Main.storyboard; sourceTree = "<group>"; };
		1C71BF6328A4D92D00FCF25C /* Chapter08_APITest.xcdatamodel */ = {isa = PBXFileReference; lastKnownFileType = wrapper.xcdatamodel; path = Chapter08_APITest.xcdatamodel; sourceTree = "<group>"; };
		1C71BF6528A4D92E00FCF25C /* Assets.xcassets */ = {isa = PBXFileReference; lastKnownFileType = folder.assetcatalog; path = Assets.xcassets; sourceTree = "<group>"; };
		1C71BF6828A4D92E00FCF25C /* Base */ = {isa = PBXFileReference; lastKnownFileType = file.storyboard; name = Base; path = Base.lproj/LaunchScreen.storyboard; sourceTree = "<group>"; };
		1C71BF6A28A4D92E00FCF25C /* Info.plist */ = {isa = PBXFileReference; lastKnownFileType = text.plist.xml; path = Info.plist; sourceTree = "<group>"; };
		1C71BF7028A4DAAE00FCF25C /* TimeViewController.swift */ = {isa = PBXFileReference; lastKnownFileType = sourcecode.swift; path = TimeViewController.swift; sourceTree = "<group>"; };
		91FFB366E358861CD47C8744 /* Pods-Chapter08-APITest.debug.xcconfig */ = {isa = PBXFileReference; includeInIndex = 1; lastKnownFileType = text.xcconfig; name = "Pods-Chapter08-APITest.debug.xcconfig"; path = "Target Support Files/Pods-Chapter08-APITest/Pods-Chapter08-APITest.debug.xcconfig"; sourceTree = "<group>"; };
		9D5518561D329DFBD587114B /* Pods-Chapter08-APITest.release.xcconfig */ = {isa = PBXFileReference; includeInIndex = 1; lastKnownFileType = text.xcconfig; name = "Pods-Chapter08-APITest.release.xcconfig"; path = "Target Support Files/Pods-Chapter08-APITest/Pods-Chapter08-APITest.release.xcconfig"; sourceTree = "<group>"; };
		CD556BB7E9A2CAAFA52E38CC /* Pods_Chapter08_APITest.framework */ = {isa = PBXFileReference; explicitFileType = wrapper.framework; includeInIndex = 0; path = Pods_Chapter08_APITest.framework; sourceTree = BUILT_PRODUCTS_DIR; };
/* End PBXFileReference section */

/* Begin PBXFrameworksBuildPhase section */
		1C71BF5328A4D92D00FCF25C /* Frameworks */ = {
			isa = PBXFrameworksBuildPhase;
			buildActionMask = 2147483647;
			files = (
				6A77F70652D3F7FB429D821E /* Pods_Chapter08_APITest.framework in Frameworks */,
			);
			runOnlyForDeploymentPostprocessing = 0;
		};
/* End PBXFrameworksBuildPhase section */

/* Begin PBXGroup section */
		020355BB4DC890B94E096CD2 /* Frameworks */ = {
			isa = PBXGroup;
			children = (
				CD556BB7E9A2CAAFA52E38CC /* Pods_Chapter08_APITest.framework */,
			);
			name = Frameworks;
			sourceTree = "<group>";
		};
		067FD13E5E601E97A506B1A3 /* Pods */ = {
			isa = PBXGroup;
			children = (
				91FFB366E358861CD47C8744 /* Pods-Chapter08-APITest.debug.xcconfig */,
				9D5518561D329DFBD587114B /* Pods-Chapter08-APITest.release.xcconfig */,
			);
			name = Pods;
			path = Pods;
			sourceTree = "<group>";
		};
		1C71BF4D28A4D92D00FCF25C = {
			isa = PBXGroup;
			children = (
				1C71BF5828A4D92D00FCF25C /* Chapter08-APITest */,
				1C71BF5728A4D92D00FCF25C /* Products */,
				067FD13E5E601E97A506B1A3 /* Pods */,
				020355BB4DC890B94E096CD2 /* Frameworks */,
			);
			sourceTree = "<group>";
		};
		1C71BF5728A4D92D00FCF25C /* Products */ = {
			isa = PBXGroup;
			children = (
				1C71BF5628A4D92D00FCF25C /* Chapter08-APITest.app */,
			);
			name = Products;
			sourceTree = "<group>";
		};
		1C71BF5828A4D92D00FCF25C /* Chapter08-APITest */ = {
			isa = PBXGroup;
			children = (
				1C71BF5928A4D92D00FCF25C /* AppDelegate.swift */,
				1C71BF5B28A4D92D00FCF25C /* SceneDelegate.swift */,
				1C71BF5F28A4D92D00FCF25C /* Main.storyboard */,
				1C71BF7028A4DAAE00FCF25C /* TimeViewController.swift */,
				1C71BF6528A4D92E00FCF25C /* Assets.xcassets */,
				1C71BF6728A4D92E00FCF25C /* LaunchScreen.storyboard */,
				1C71BF6A28A4D92E00FCF25C /* Info.plist */,
				1C71BF6228A4D92D00FCF25C /* Chapter08_APITest.xcdatamodeld */,
			);
			path = "Chapter08-APITest";
			sourceTree = "<group>";
		};
/* End PBXGroup section */

/* Begin PBXNativeTarget section */
		1C71BF5528A4D92D00FCF25C /* Chapter08-APITest */ = {
			isa = PBXNativeTarget;
			buildConfigurationList = 1C71BF6D28A4D92E00FCF25C /* Build configuration list for PBXNativeTarget "Chapter08-APITest" */;
			buildPhases = (
				9CD8CDBDFD2DA720C792D106 /* [CP] Check Pods Manifest.lock */,
				1C71BF5228A4D92D00FCF25C /* Sources */,
				1C71BF5328A4D92D00FCF25C /* Frameworks */,
				1C71BF5428A4D92D00FCF25C /* Resources */,
				8D93BBB773E30E88D280B706 /* [CP] Embed Pods Frameworks */,
			);
			buildRules = (
			);
			dependencies = (
			);
			name = "Chapter08-APITest";
			productName = "Chapter08-APITest";
			productReference = 1C71BF5628A4D92D00FCF25C /* Chapter08-APITest.app */;
			productType = "com.apple.product-type.application";
		};
/* End PBXNativeTarget section */

/* Begin PBXProject section */
		1C71BF4E28A4D92D00FCF25C /* Project object */ = {
			isa = PBXProject;
			attributes = {
				BuildIndependentTargetsInParallel = 1;
				LastSwiftUpdateCheck = 1340;
				LastUpgradeCheck = 1340;
				TargetAttributes = {
					1C71BF5528A4D92D00FCF25C = {
						CreatedOnToolsVersion = 13.4.1;
					};
				};
			};
			buildConfigurationList = 1C71BF5128A4D92D00FCF25C /* Build configuration list for PBXProject "Chapter08-APITest" */;
			compatibilityVersion = "Xcode 13.0";
			developmentRegion = en;
			hasScannedForEncodings = 0;
			knownRegions = (
				en,
				Base,
			);
			mainGroup = 1C71BF4D28A4D92D00FCF25C;
			productRefGroup = 1C71BF5728A4D92D00FCF25C /* Products */;
			projectDirPath = "";
			projectRoot = "";
			targets = (
				1C71BF5528A4D92D00FCF25C /* Chapter08-APITest */,
			);
		};
/* End PBXProject section */

/* Begin PBXResourcesBuildPhase section */
		1C71BF5428A4D92D00FCF25C /* Resources */ = {
			isa = PBXResourcesBuildPhase;
			buildActionMask = 2147483647;
			files = (
				1C71BF6928A4D92E00FCF25C /* LaunchScreen.storyboard in Resources */,
				1C71BF6628A4D92E00FCF25C /* Assets.xcassets in Resources */,
				1C71BF6128A4D92D00FCF25C /* Main.storyboard in Resources */,
			);
			runOnlyForDeploymentPostprocessing = 0;
		};
/* End PBXResourcesBuildPhase section */

/* Begin PBXShellScriptBuildPhase section */
		8D93BBB773E30E88D280B706 /* [CP] Embed Pods Frameworks */ = {
			isa = PBXShellScriptBuildPhase;
			buildActionMask = 2147483647;
			files = (
			);
			inputFileListPaths = (
				"${PODS_ROOT}/Target Support Files/Pods-Chapter08-APITest/Pods-Chapter08-APITest-frameworks-${CONFIGURATION}-input-files.xcfilelist",
			);
			name = "[CP] Embed Pods Frameworks";
			outputFileListPaths = (
				"${PODS_ROOT}/Target Support Files/Pods-Chapter08-APITest/Pods-Chapter08-APITest-frameworks-${CONFIGURATION}-output-files.xcfilelist",
			);
			runOnlyForDeploymentPostprocessing = 0;
			shellPath = /bin/sh;
			shellScript = "\"${PODS_ROOT}/Target Support Files/Pods-Chapter08-APITest/Pods-Chapter08-APITest-frameworks.sh\"\n";
			showEnvVarsInLog = 0;
		};
		9CD8CDBDFD2DA720C792D106 /* [CP] Check Pods Manifest.lock */ = {
			isa = PBXShellScriptBuildPhase;
			buildActionMask = 2147483647;
			files = (
			);
			inputFileListPaths = (
			);
			inputPaths = (
				"${PODS_PODFILE_DIR_PATH}/Podfile.lock",
				"${PODS_ROOT}/Manifest.lock",
			);
			name = "[CP] Check Pods Manifest.lock";
			outputFileListPaths = (
			);
			outputPaths = (
				"$(DERIVED_FILE_DIR)/Pods-Chapter08-APITest-checkManifestLockResult.txt",
			);
			runOnlyForDeploymentPostprocessing = 0;
			shellPath = /bin/sh;
			shellScript = "diff \"${PODS_PODFILE_DIR_PATH}/Podfile.lock\" \"${PODS_ROOT}/Manifest.lock\" > /dev/null\nif [ $? != 0 ] ; then\n    # print error to STDERR\n    echo \"error: The sandbox is not in sync with the Podfile.lock. Run 'pod install' or update your CocoaPods installation.\" >&2\n    exit 1\nfi\n# This output is used by Xcode 'outputs' to avoid re-running this script phase.\necho \"SUCCESS\" > \"${SCRIPT_OUTPUT_FILE_0}\"\n";
			showEnvVarsInLog = 0;
		};
/* End PBXShellScriptBuildPhase section */

/* Begin PBXSourcesBuildPhase section */
		1C71BF5228A4D92D00FCF25C /* Sources */ = {
			isa = PBXSourcesBuildPhase;
			buildActionMask = 2147483647;
			files = (
				1C71BF5A28A4D92D00FCF25C /* AppDelegate.swift in Sources */,
				1C71BF7128A4DAAE00FCF25C /* TimeViewController.swift in Sources */,
				1C71BF6428A4D92D00FCF25C /* Chapter08_APITest.xcdatamodeld in Sources */,
				1C71BF5C28A4D92D00FCF25C /* SceneDelegate.swift in Sources */,
			);
			runOnlyForDeploymentPostprocessing = 0;
		};
/* End PBXSourcesBuildPhase section */

/* Begin PBXVariantGroup section */
		1C71BF5F28A4D92D00FCF25C /* Main.storyboard */ = {
			isa = PBXVariantGroup;
			children = (
				1C71BF6028A4D92D00FCF25C /* Base */,
			);
			name = Main.storyboard;
			sourceTree = "<group>";
		};
		1C71BF6728A4D92E00FCF25C /* LaunchScreen.storyboard */ = {
			isa = PBXVariantGroup;
			children = (
				1C71BF6828A4D92E00FCF25C /* Base */,
			);
			name = LaunchScreen.storyboard;
			sourceTree = "<group>";
		};
/* End PBXVariantGroup section */

/* Begin XCBuildConfiguration section */
		1C71BF6B28A4D92E00FCF25C /* Debug */ = {
			isa = XCBuildConfiguration;
			buildSettings = {
				ALWAYS_SEARCH_USER_PATHS = NO;
				CLANG_ANALYZER_NONNULL = YES;
				CLANG_ANALYZER_NUMBER_OBJECT_CONVERSION = YES_AGGRESSIVE;
				CLANG_CXX_LANGUAGE_STANDARD = "gnu++17";
				CLANG_ENABLE_MODULES = YES;
				CLANG_ENABLE_OBJC_ARC = YES;
				CLANG_ENABLE_OBJC_WEAK = YES;
				CLANG_WARN_BLOCK_CAPTURE_AUTORELEASING = YES;
				CLANG_WARN_BOOL_CONVERSION = YES;
				CLANG_WARN_COMMA = YES;
				CLANG_WARN_CONSTANT_CONVERSION = YES;
				CLANG_WARN_DEPRECATED_OBJC_IMPLEMENTATIONS = YES;
				CLANG_WARN_DIRECT_OBJC_ISA_USAGE = YES_ERROR;
				CLANG_WARN_DOCUMENTATION_COMMENTS = YES;
				CLANG_WARN_EMPTY_BODY = YES;
				CLANG_WARN_ENUM_CONVERSION = YES;
				CLANG_WARN_INFINITE_RECURSION = YES;
				CLANG_WARN_INT_CONVERSION = YES;
				CLANG_WARN_NON_LITERAL_NULL_CONVERSION = YES;
				CLANG_WARN_OBJC_IMPLICIT_RETAIN_SELF = YES;
				CLANG_WARN_OBJC_LITERAL_CONVERSION = YES;
				CLANG_WARN_OBJC_ROOT_CLASS = YES_ERROR;
				CLANG_WARN_QUOTED_INCLUDE_IN_FRAMEWORK_HEADER = YES;
				CLANG_WARN_RANGE_LOOP_ANALYSIS = YES;
				CLANG_WARN_STRICT_PROTOTYPES = YES;
				CLANG_WARN_SUSPICIOUS_MOVE = YES;
				CLANG_WARN_UNGUARDED_AVAILABILITY = YES_AGGRESSIVE;
				CLANG_WARN_UNREACHABLE_CODE = YES;
				CLANG_WARN__DUPLICATE_METHOD_MATCH = YES;
				COPY_PHASE_STRIP = NO;
				DEBUG_INFORMATION_FORMAT = dwarf;
				ENABLE_STRICT_OBJC_MSGSEND = YES;
				ENABLE_TESTABILITY = YES;
				GCC_C_LANGUAGE_STANDARD = gnu11;
				GCC_DYNAMIC_NO_PIC = NO;
				GCC_NO_COMMON_BLOCKS = YES;
				GCC_OPTIMIZATION_LEVEL = 0;
				GCC_PREPROCESSOR_DEFINITIONS = (
					"DEBUG=1",
					"$(inherited)",
				);
				GCC_WARN_64_TO_32_BIT_CONVERSION = YES;
				GCC_WARN_ABOUT_RETURN_TYPE = YES_ERROR;
				GCC_WARN_UNDECLARED_SELECTOR = YES;
				GCC_WARN_UNINITIALIZED_AUTOS = YES_AGGRESSIVE;
				GCC_WARN_UNUSED_FUNCTION = YES;
				GCC_WARN_UNUSED_VARIABLE = YES;
				IPHONEOS_DEPLOYMENT_TARGET = 15.5;
				MTL_ENABLE_DEBUG_INFO = INCLUDE_SOURCE;
				MTL_FAST_MATH = YES;
				ONLY_ACTIVE_ARCH = YES;
				SDKROOT = iphoneos;
				SWIFT_ACTIVE_COMPILATION_CONDITIONS = DEBUG;
				SWIFT_OPTIMIZATION_LEVEL = "-Onone";
			};
			name = Debug;
		};
		1C71BF6C28A4D92E00FCF25C /* Release */ = {
			isa = XCBuildConfiguration;
			buildSettings = {
				ALWAYS_SEARCH_USER_PATHS = NO;
				CLANG_ANALYZER_NONNULL = YES;
				CLANG_ANALYZER_NUMBER_OBJECT_CONVERSION = YES_AGGRESSIVE;
				CLANG_CXX_LANGUAGE_STANDARD = "gnu++17";
				CLANG_ENABLE_MODULES = YES;
				CLANG_ENABLE_OBJC_ARC = YES;
				CLANG_ENABLE_OBJC_WEAK = YES;
				CLANG_WARN_BLOCK_CAPTURE_AUTORELEASING = YES;
				CLANG_WARN_BOOL_CONVERSION = YES;
				CLANG_WARN_COMMA = YES;
				CLANG_WARN_CONSTANT_CONVERSION = YES;
				CLANG_WARN_DEPRECATED_OBJC_IMPLEMENTATIONS = YES;
				CLANG_WARN_DIRECT_OBJC_ISA_USAGE = YES_ERROR;
				CLANG_WARN_DOCUMENTATION_COMMENTS = YES;
				CLANG_WARN_EMPTY_BODY = YES;
				CLANG_WARN_ENUM_CONVERSION = YES;
				CLANG_WARN_INFINITE_RECURSION = YES;
				CLANG_WARN_INT_CONVERSION = YES;
				CLANG_WARN_NON_LITERAL_NULL_CONVERSION = YES;
				CLANG_WARN_OBJC_IMPLICIT_RETAIN_SELF = YES;
				CLANG_WARN_OBJC_LITERAL_CONVERSION = YES;
				CLANG_WARN_OBJC_ROOT_CLASS = YES_ERROR;
				CLANG_WARN_QUOTED_INCLUDE_IN_FRAMEWORK_HEADER = YES;
				CLANG_WARN_RANGE_LOOP_ANALYSIS = YES;
				CLANG_WARN_STRICT_PROTOTYPES = YES;
				CLANG_WARN_SUSPICIOUS_MOVE = YES;
				CLANG_WARN_UNGUARDED_AVAILABILITY = YES_AGGRESSIVE;
				CLANG_WARN_UNREACHABLE_CODE = YES;
				CLANG_WARN__DUPLICATE_METHOD_MATCH = YES;
				COPY_PHASE_STRIP = NO;
				DEBUG_INFORMATION_FORMAT = "dwarf-with-dsym";
				ENABLE_NS_ASSERTIONS = NO;
				ENABLE_STRICT_OBJC_MSGSEND = YES;
				GCC_C_LANGUAGE_STANDARD = gnu11;
				GCC_NO_COMMON_BLOCKS = YES;
				GCC_WARN_64_TO_32_BIT_CONVERSION = YES;
				GCC_WARN_ABOUT_RETURN_TYPE = YES_ERROR;
				GCC_WARN_UNDECLARED_SELECTOR = YES;
				GCC_WARN_UNINITIALIZED_AUTOS = YES_AGGRESSIVE;
				GCC_WARN_UNUSED_FUNCTION = YES;
				GCC_WARN_UNUSED_VARIABLE = YES;
				IPHONEOS_DEPLOYMENT_TARGET = 15.5;
				MTL_ENABLE_DEBUG_INFO = NO;
				MTL_FAST_MATH = YES;
				SDKROOT = iphoneos;
				SWIFT_COMPILATION_MODE = wholemodule;
				SWIFT_OPTIMIZATION_LEVEL = "-O";
				VALIDATE_PRODUCT = YES;
			};
			name = Release;
		};
		1C71BF6E28A4D92E00FCF25C /* Debug */ = {
			isa = XCBuildConfiguration;
			baseConfigurationReference = 91FFB366E358861CD47C8744 /* Pods-Chapter08-APITest.debug.xcconfig */;
			buildSettings = {
				ASSETCATALOG_COMPILER_APPICON_NAME = AppIcon;
				ASSETCATALOG_COMPILER_GLOBAL_ACCENT_COLOR_NAME = AccentColor;
				CODE_SIGN_STYLE = Automatic;
				CURRENT_PROJECT_VERSION = 1;
				DEVELOPMENT_TEAM = XBK9RNRMN8;
				GENERATE_INFOPLIST_FILE = YES;
				INFOPLIST_FILE = "Chapter08-APITest/Info.plist";
				INFOPLIST_KEY_UIApplicationSupportsIndirectInputEvents = YES;
				INFOPLIST_KEY_UILaunchStoryboardName = LaunchScreen;
				INFOPLIST_KEY_UIMainStoryboardFile = Main;
				INFOPLIST_KEY_UISupportedInterfaceOrientations_iPad = "UIInterfaceOrientationPortrait UIInterfaceOrientationPortraitUpsideDown UIInterfaceOrientationLandscapeLeft UIInterfaceOrientationLandscapeRight";
				INFOPLIST_KEY_UISupportedInterfaceOrientations_iPhone = "UIInterfaceOrientationPortrait UIInterfaceOrientationLandscapeLeft UIInterfaceOrientationLandscapeRight";
				LD_RUNPATH_SEARCH_PATHS = (
					"$(inherited)",
					"@executable_path/Frameworks",
				);
				MARKETING_VERSION = 1.0;
				PRODUCT_BUNDLE_IDENTIFIER = "hyeri.Chapter08-APITest";
				PRODUCT_NAME = "$(TARGET_NAME)";
				SWIFT_EMIT_LOC_STRINGS = YES;
				SWIFT_VERSION = 5.0;
				TARGETED_DEVICE_FAMILY = "1,2";
			};
			name = Debug;
		};
		1C71BF6F28A4D92E00FCF25C /* Release */ = {
			isa = XCBuildConfiguration;
			baseConfigurationReference = 9D5518561D329DFBD587114B /* Pods-Chapter08-APITest.release.xcconfig */;
			buildSettings = {
				ASSETCATALOG_COMPILER_APPICON_NAME = AppIcon;
				ASSETCATALOG_COMPILER_GLOBAL_ACCENT_COLOR_NAME = AccentColor;
				CODE_SIGN_STYLE = Automatic;
				CURRENT_PROJECT_VERSION = 1;
				DEVELOPMENT_TEAM = XBK9RNRMN8;
				GENERATE_INFOPLIST_FILE = YES;
				INFOPLIST_FILE = "Chapter08-APITest/Info.plist";
				INFOPLIST_KEY_UIApplicationSupportsIndirectInputEvents = YES;
				INFOPLIST_KEY_UILaunchStoryboardName = LaunchScreen;
				INFOPLIST_KEY_UIMainStoryboardFile = Main;
				INFOPLIST_KEY_UISupportedInterfaceOrientations_iPad = "UIInterfaceOrientationPortrait UIInterfaceOrientationPortraitUpsideDown UIInterfaceOrientationLandscapeLeft UIInterfaceOrientationLandscapeRight";
				INFOPLIST_KEY_UISupportedInterfaceOrientations_iPhone = "UIInterfaceOrientationPortrait UIInterfaceOrientationLandscapeLeft UIInterfaceOrientationLandscapeRight";
				LD_RUNPATH_SEARCH_PATHS = (
					"$(inherited)",
					"@executable_path/Frameworks",
				);
				MARKETING_VERSION = 1.0;
				PRODUCT_BUNDLE_IDENTIFIER = "hyeri.Chapter08-APITest";
				PRODUCT_NAME = "$(TARGET_NAME)";
				SWIFT_EMIT_LOC_STRINGS = YES;
				SWIFT_VERSION = 5.0;
				TARGETED_DEVICE_FAMILY = "1,2";
			};
			name = Release;
		};
/* End XCBuildConfiguration section */

/* Begin XCConfigurationList section */
		1C71BF5128A4D92D00FCF25C /* Build configuration list for PBXProject "Chapter08-APITest" */ = {
			isa = XCConfigurationList;
			buildConfigurations = (
				1C71BF6B28A4D92E00FCF25C /* Debug */,
				1C71BF6C28A4D92E00FCF25C /* Release */,
			);
			defaultConfigurationIsVisible = 0;
			defaultConfigurationName = Release;
		};
		1C71BF6D28A4D92E00FCF25C /* Build configuration list for PBXNativeTarget "Chapter08-APITest" */ = {
			isa = XCConfigurationList;
			buildConfigurations = (
				1C71BF6E28A4D92E00FCF25C /* Debug */,
				1C71BF6F28A4D92E00FCF25C /* Release */,
			);
			defaultConfigurationIsVisible = 0;
			defaultConfigurationName = Release;
		};
/* End XCConfigurationList section */

/* Begin XCVersionGroup section */
		1C71BF6228A4D92D00FCF25C /* Chapter08_APITest.xcdatamodeld */ = {
			isa = XCVersionGroup;
			children = (
				1C71BF6328A4D92D00FCF25C /* Chapter08_APITest.xcdatamodel */,
			);
			currentVersion = 1C71BF6328A4D92D00FCF25C /* Chapter08_APITest.xcdatamodel */;
			path = Chapter08_APITest.xcdatamodeld;
			sourceTree = "<group>";
			versionGroupType = wrapper.xcdatamodel;
		};
/* End XCVersionGroup section */
	};
	rootObject = 1C71BF4E28A4D92D00FCF25C /* Project object */;
}
